
Microsoft Visual Studio Solution File, Format Version 12.00
# Visual Studio Version 17
VisualStudioVersion = 17.2.32519.379
MinimumVisualStudioVersion = 10.0.40219.1
Project("{9A19103F-16F7-4668-BE54-9A1E7A4F7556}") = "Algorithms", "Algorithms\Algorithms.csproj", "{EDC86BA5-5F19-4D1B-9851-0EC16C5B4437}"
EndProject
Project("{9A19103F-16F7-4668-BE54-9A1E7A4F7556}") = "TestAlgorithms", "TestAlgorithms\TestAlgorithms.csproj", "{C90C5DB8-87BA-4055-A756-15A25B31080E}"
EndProject
Project("{FAE04EC0-301F-11D3-BF4B-00C04F79EFBC}") = "TempExecutable", "TempExecutable\TempExecutable.csproj", "{DDE710A7-DED4-4523-9A4C-78566351B564}"
	ProjectSection(ProjectDependencies) = postProject
		{EDC86BA5-5F19-4D1B-9851-0EC16C5B4437} = {EDC86BA5-5F19-4D1B-9851-0EC16C5B4437}
	EndProjectSection
EndProject
Global
	GlobalSection(SolutionConfigurationPlatforms) = preSolution
		Debug|Any CPU = Debug|Any CPU
		Release|Any CPU = Release|Any CPU
	EndGlobalSection
	GlobalSection(ProjectConfigurationPlatforms) = postSolution
		{EDC86BA5-5F19-4D1B-9851-0EC16C5B4437}.Debug|Any CPU.ActiveCfg = Debug|Any CPU
		{EDC86BA5-5F19-4D1B-9851-0EC16C5B4437}.Debug|Any CPU.Build.0 = Debug|Any CPU
		{EDC86BA5-5F19-4D1B-9851-0EC16C5B4437}.Release|Any CPU.ActiveCfg = Release|Any CPU
		{EDC86BA5-5F19-4D1B-9851-0EC16C5B4437}.Release|Any CPU.Build.0 = Release|Any CPU
		{C90C5DB8-87BA-4055-A756-15A25B31080E}.Debug|Any CPU.ActiveCfg = Debug|Any CPU
		{C90C5DB8-87BA-4055-A756-15A25B31080E}.Debug|Any CPU.Build.0 = Debug|Any CPU
		{C90C5DB8-87BA-4055-A756-15A25B31080E}.Release|Any CPU.ActiveCfg = Release|Any CPU
		{C90C5DB8-87BA-4055-A756-15A25B31080E}.Release|Any CPU.Build.0 = Release|Any CPU
		{DDE710A7-DED4-4523-9A4C-78566351B564}.Debug|Any CPU.ActiveCfg = Debug|Any CPU
		{DDE710A7-DED4-4523-9A4C-78566351B564}.Debug|Any CPU.Build.0 = Debug|Any CPU
		{DDE710A7-DED4-4523-9A4C-78566351B564}.Release|Any CPU.ActiveCfg = Release|Any CPU
		{DDE710A7-DED4-4523-9A4C-78566351B564}.Release|Any CPU.Build.0 = Release|Any CPU
	EndGlobalSection
	GlobalSection(SolutionProperties) = preSolution
		HideSolutionNode = FALSE
	EndGlobalSection
	GlobalSection(ExtensibilityGlobals) = postSolution
		SolutionGuid = {A8ABE4BD-5C4A-453C-93A2-6E268206EB97}
	EndGlobalSection
EndGlobal
